{
    "_readme": [
        "This file locks the dependencies of your project to a known state",
        "Read more about it at https://getcomposer.org/doc/01-basic-usage.md#installing-dependencies",
        "This file is @generated automatically"
    ],
    "content-hash": "2eb66ae77545a729e9521f96c5a4d9b6",
    "packages": [],
    "packages-dev": [],
    "aliases": [],
    "minimum-stability": "stable",
    "stability-flags": [],
    "prefer-stable": false,
    "prefer-lowest": false,
    "platform": {
        "php": "^8.0",
        "ext-json": "*",
        "ext-yaml": "*",
        "ext-sockets": "*",
        "ext-pthreads": "^3.0",
        "ext-phar": "*"
    },
    "platform-dev": [],
    "plugin-api-version": "2.2.0"
}
